
Microsoft Visual Studio Solution File, Format Version 12.00
# Visual Studio 2012
Project("{FAE04EC0-301F-11D3-BF4B-00C04F79EFBC}") = "DAL", "DAL\DAL.csproj", "{9DA6CA25-FC68-455B-B043-E980C999A778}"
EndProject
Project("{FAE04EC0-301F-11D3-BF4B-00C04F79EFBC}") = "Vendas", "Vendas\Vendas.csproj", "{A294B02A-EEF0-4D76-A0DC-36D48E5A6B87}"
EndProject
Global
	GlobalSection(SolutionConfigurationPlatforms) = preSolution
		Debug|Any CPU = Debug|Any CPU
		Release|Any CPU = Release|Any CPU
	EndGlobalSection
	GlobalSection(ProjectConfigurationPlatforms) = postSolution
		{9DA6CA25-FC68-455B-B043-E980C999A778}.Debug|Any CPU.ActiveCfg = Debug|Any CPU
		{9DA6CA25-FC68-455B-B043-E980C999A778}.Debug|Any CPU.Build.0 = Debug|Any CPU
		{9DA6CA25-FC68-455B-B043-E980C999A778}.Release|Any CPU.ActiveCfg = Release|Any CPU
		{9DA6CA25-FC68-455B-B043-E980C999A778}.Release|Any CPU.Build.0 = Release|Any CPU
		{A294B02A-EEF0-4D76-A0DC-36D48E5A6B87}.Debug|Any CPU.ActiveCfg = Debug|Any CPU
		{A294B02A-EEF0-4D76-A0DC-36D48E5A6B87}.Debug|Any CPU.Build.0 = Debug|Any CPU
		{A294B02A-EEF0-4D76-A0DC-36D48E5A6B87}.Release|Any CPU.ActiveCfg = Release|Any CPU
		{A294B02A-EEF0-4D76-A0DC-36D48E5A6B87}.Release|Any CPU.Build.0 = Release|Any CPU
	EndGlobalSection
	GlobalSection(SolutionProperties) = preSolution
		HideSolutionNode = FALSE
	EndGlobalSection
EndGlobal
